
Microsoft Visual Studio Solution File, Format Version 12.00
# Visual Studio Version 16
VisualStudioVersion = 16.0.33328.57
MinimumVisualStudioVersion = 10.0.40219.1
Project("{FAE04EC0-301F-11D3-BF4B-00C04F79EFBC}") = "LibrarySystem", "LibrarySystem.csproj", "{87D3780D-1841-4732-9E24-819586E83531}"
EndProject
Global
	GlobalSection(SolutionConfigurationPlatforms) = preSolution
		Debug|Any CPU = Debug|Any CPU
		Release|Any CPU = Release|Any CPU
	EndGlobalSection
	GlobalSection(ProjectConfigurationPlatforms) = postSolution
		{87D3780D-1841-4732-9E24-819586E83531}.Debug|Any CPU.ActiveCfg = Debug|Any CPU
		{87D3780D-1841-4732-9E24-819586E83531}.Debug|Any CPU.Build.0 = Debug|Any CPU
		{87D3780D-1841-4732-9E24-819586E83531}.Release|Any CPU.ActiveCfg = Release|Any CPU
		{87D3780D-1841-4732-9E24-819586E83531}.Release|Any CPU.Build.0 = Release|Any CPU
	EndGlobalSection
	GlobalSection(SolutionProperties) = preSolution
		HideSolutionNode = FALSE
	EndGlobalSection
	GlobalSection(ExtensibilityGlobals) = postSolution
		SolutionGuid = {4A3F878F-9AE9-4273-BB4B-68ABE87227A4}
	EndGlobalSection
EndGlobal
